// !$*UTF8*$!
{
	archiveVersion = 1;
	classes = {
	};
	objectVersion = 55;
	objects = {

/* Begin PBXBuildFile section */
		0A12806C27A8751A00D7281F /* CharacterListViewModel.swift in Sources */ = {isa = PBXBuildFile; fileRef = 0A12806B27A8751A00D7281F /* CharacterListViewModel.swift */; };
		0A12806F27A875AC00D7281F /* CharacterCollectionViewCell.swift in Sources */ = {isa = PBXBuildFile; fileRef = 0A12806E27A875AC00D7281F /* CharacterCollectionViewCell.swift */; };
		0A12807227A8766D00D7281F /* Nuke in Frameworks */ = {isa = PBXBuildFile; productRef = 0A12807127A8766D00D7281F /* Nuke */; };
		0A12807727A8770F00D7281F /* UILabelWithContentInsets.swift in Sources */ = {isa = PBXBuildFile; fileRef = 0A12807627A8770F00D7281F /* UILabelWithContentInsets.swift */; };
		0A12807927A8772A00D7281F /* UIViewWithGradient.swift in Sources */ = {isa = PBXBuildFile; fileRef = 0A12807827A8772A00D7281F /* UIViewWithGradient.swift */; };
		0A12807B27A8799B00D7281F /* LoadingCollectionViewCell.swift in Sources */ = {isa = PBXBuildFile; fileRef = 0A12807A27A8799B00D7281F /* LoadingCollectionViewCell.swift */; };
		0A12808127A87CF500D7281F /* Thumbnail+URI.swift in Sources */ = {isa = PBXBuildFile; fileRef = 0A12808027A87CF500D7281F /* Thumbnail+URI.swift */; };
		0A12808427A8933400D7281F /* SkeletonView in Frameworks */ = {isa = PBXBuildFile; productRef = 0A12808327A8933400D7281F /* SkeletonView */; };
		0A331DAE27A85BEC0061C520 /* CharactersResponse.swift in Sources */ = {isa = PBXBuildFile; fileRef = 0A331DAD27A85BEC0061C520 /* CharactersResponse.swift */; };
		0A331DB127A85CD00061C520 /* String+MD5.swift in Sources */ = {isa = PBXBuildFile; fileRef = 0A331DB027A85CCF0061C520 /* String+MD5.swift */; };
		0A331DB527A861390061C520 /* APIKeys.plist in Resources */ = {isa = PBXBuildFile; fileRef = 0A331DB427A861390061C520 /* APIKeys.plist */; };
		0A331DE327A86B190061C520 /* BaseWireframe.swift in Sources */ = {isa = PBXBuildFile; fileRef = 0A331DDD27A86B190061C520 /* BaseWireframe.swift */; };
		0A331DE627A86B190061C520 /* PresenterInterface.swift in Sources */ = {isa = PBXBuildFile; fileRef = 0A331DE027A86B190061C520 /* PresenterInterface.swift */; };
		0A331DE727A86B190061C520 /* ViewInterface.swift in Sources */ = {isa = PBXBuildFile; fileRef = 0A331DE127A86B190061C520 /* ViewInterface.swift */; };
		0A331DE827A86B190061C520 /* InteractorInterface.swift in Sources */ = {isa = PBXBuildFile; fileRef = 0A331DE227A86B190061C520 /* InteractorInterface.swift */; };
		0A331DEF27A86B4B0061C520 /* CharactersListInterfaces.swift in Sources */ = {isa = PBXBuildFile; fileRef = 0A331DEA27A86B4B0061C520 /* CharactersListInterfaces.swift */; };
		0A331DF027A86B4B0061C520 /* CharactersListPresenter.swift in Sources */ = {isa = PBXBuildFile; fileRef = 0A331DEB27A86B4B0061C520 /* CharactersListPresenter.swift */; };
		0A331DF127A86B4B0061C520 /* CharactersListViewController.swift in Sources */ = {isa = PBXBuildFile; fileRef = 0A331DEC27A86B4B0061C520 /* CharactersListViewController.swift */; };
		0A331DF227A86B4B0061C520 /* CharactersListInteractor.swift in Sources */ = {isa = PBXBuildFile; fileRef = 0A331DED27A86B4B0061C520 /* CharactersListInteractor.swift */; };
		0A331DF327A86B4B0061C520 /* CharactersListWireframe.swift in Sources */ = {isa = PBXBuildFile; fileRef = 0A331DEE27A86B4B0061C520 /* CharactersListWireframe.swift */; };
		0AF8D00527A89A9F00BA87F7 /* MockMarvelService.swift in Sources */ = {isa = PBXBuildFile; fileRef = 0AF8D00427A89A9F00BA87F7 /* MockMarvelService.swift */; };
		0AF8D00B27A89B4400BA87F7 /* CharacterListPresnterTests.swift in Sources */ = {isa = PBXBuildFile; fileRef = 0AF8D00A27A89B4400BA87F7 /* CharacterListPresnterTests.swift */; };
		0AF8D02927A89E2D00BA87F7 /* TestingAppDelegate.swift in Sources */ = {isa = PBXBuildFile; fileRef = 0AF8D02827A89E2D00BA87F7 /* TestingAppDelegate.swift */; };
		0AF8D02E27A89EC100BA87F7 /* main.swift in Sources */ = {isa = PBXBuildFile; fileRef = 0AF8D02D27A89EC100BA87F7 /* main.swift */; };
		0AFE520027A856D700C0264A /* AppDelegate.swift in Sources */ = {isa = PBXBuildFile; fileRef = 0AFE51FF27A856D700C0264A /* AppDelegate.swift */; };
		0AFE520227A856D700C0264A /* SceneDelegate.swift in Sources */ = {isa = PBXBuildFile; fileRef = 0AFE520127A856D700C0264A /* SceneDelegate.swift */; };
		0AFE520927A856D900C0264A /* Assets.xcassets in Resources */ = {isa = PBXBuildFile; fileRef = 0AFE520827A856D900C0264A /* Assets.xcassets */; };
		0AFE520C27A856D900C0264A /* LaunchScreen.storyboard in Resources */ = {isa = PBXBuildFile; fileRef = 0AFE520A27A856D900C0264A /* LaunchScreen.storyboard */; };
		0AFE521727A856D900C0264A /* AsyncAwaitMarvelHeroesTests.swift in Sources */ = {isa = PBXBuildFile; fileRef = 0AFE521627A856D900C0264A /* AsyncAwaitMarvelHeroesTests.swift */; };
		0AFE522127A856D900C0264A /* AsyncAwaitMarvelHeroesUITests.swift in Sources */ = {isa = PBXBuildFile; fileRef = 0AFE522027A856D900C0264A /* AsyncAwaitMarvelHeroesUITests.swift */; };
		0AFE522327A856D900C0264A /* AsyncAwaitMarvelHeroesUITestsLaunchTests.swift in Sources */ = {isa = PBXBuildFile; fileRef = 0AFE522227A856D900C0264A /* AsyncAwaitMarvelHeroesUITestsLaunchTests.swift */; };
		0AFE523327A8589200C0264A /* MarvelService.swift in Sources */ = {isa = PBXBuildFile; fileRef = 0AFE523227A8589200C0264A /* MarvelService.swift */; };
		0AFE523527A858A800C0264A /* Environment.swift in Sources */ = {isa = PBXBuildFile; fileRef = 0AFE523427A858A800C0264A /* Environment.swift */; };
		0AFE523727A8593400C0264A /* MarvelServiceRouter.swift in Sources */ = {isa = PBXBuildFile; fileRef = 0AFE523627A8593400C0264A /* MarvelServiceRouter.swift */; };
		0AFE523A27A8594F00C0264A /* Alamofire in Frameworks */ = {isa = PBXBuildFile; productRef = 0AFE523927A8594F00C0264A /* Alamofire */; };
/* End PBXBuildFile section */

/* Begin PBXContainerItemProxy section */
		0AFE521327A856D900C0264A /* PBXContainerItemProxy */ = {
			isa = PBXContainerItemProxy;
			containerPortal = 0AFE51F427A856D700C0264A /* Project object */;
			proxyType = 1;
			remoteGlobalIDString = 0AFE51FB27A856D700C0264A;
			remoteInfo = AsyncAwaitMarvelHeroes;
		};
		0AFE521D27A856D900C0264A /* PBXContainerItemProxy */ = {
			isa = PBXContainerItemProxy;
			containerPortal = 0AFE51F427A856D700C0264A /* Project object */;
			proxyType = 1;
			remoteGlobalIDString = 0AFE51FB27A856D700C0264A;
			remoteInfo = AsyncAwaitMarvelHeroes;
		};
/* End PBXContainerItemProxy section */

/* Begin PBXFileReference section */
		0A12806B27A8751A00D7281F /* CharacterListViewModel.swift */ = {isa = PBXFileReference; lastKnownFileType = sourcecode.swift; path = CharacterListViewModel.swift; sourceTree = "<group>"; };
		0A12806E27A875AC00D7281F /* CharacterCollectionViewCell.swift */ = {isa = PBXFileReference; lastKnownFileType = sourcecode.swift; path = CharacterCollectionViewCell.swift; sourceTree = "<group>"; };
		0A12807627A8770F00D7281F /* UILabelWithContentInsets.swift */ = {isa = PBXFileReference; lastKnownFileType = sourcecode.swift; path = UILabelWithContentInsets.swift; sourceTree = "<group>"; };
		0A12807827A8772A00D7281F /* UIViewWithGradient.swift */ = {isa = PBXFileReference; lastKnownFileType = sourcecode.swift; path = UIViewWithGradient.swift; sourceTree = "<group>"; };
		0A12807A27A8799B00D7281F /* LoadingCollectionViewCell.swift */ = {isa = PBXFileReference; lastKnownFileType = sourcecode.swift; path = LoadingCollectionViewCell.swift; sourceTree = "<group>"; };
		0A12808027A87CF500D7281F /* Thumbnail+URI.swift */ = {isa = PBXFileReference; lastKnownFileType = sourcecode.swift; path = "Thumbnail+URI.swift"; sourceTree = "<group>"; };
		0A331DAD27A85BEC0061C520 /* CharactersResponse.swift */ = {isa = PBXFileReference; lastKnownFileType = sourcecode.swift; path = CharactersResponse.swift; sourceTree = "<group>"; };
		0A331DB027A85CCF0061C520 /* String+MD5.swift */ = {isa = PBXFileReference; lastKnownFileType = sourcecode.swift; path = "String+MD5.swift"; sourceTree = "<group>"; };
		0A331DB427A861390061C520 /* APIKeys.plist */ = {isa = PBXFileReference; lastKnownFileType = text.plist.xml; path = APIKeys.plist; sourceTree = "<group>"; };
		0A331DDD27A86B190061C520 /* BaseWireframe.swift */ = {isa = PBXFileReference; lastKnownFileType = sourcecode.swift; path = BaseWireframe.swift; sourceTree = "<group>"; };
		0A331DE027A86B190061C520 /* PresenterInterface.swift */ = {isa = PBXFileReference; lastKnownFileType = sourcecode.swift; path = PresenterInterface.swift; sourceTree = "<group>"; };
		0A331DE127A86B190061C520 /* ViewInterface.swift */ = {isa = PBXFileReference; lastKnownFileType = sourcecode.swift; path = ViewInterface.swift; sourceTree = "<group>"; };
		0A331DE227A86B190061C520 /* InteractorInterface.swift */ = {isa = PBXFileReference; lastKnownFileType = sourcecode.swift; path = InteractorInterface.swift; sourceTree = "<group>"; };
		0A331DEA27A86B4B0061C520 /* CharactersListInterfaces.swift */ = {isa = PBXFileReference; lastKnownFileType = sourcecode.swift; path = CharactersListInterfaces.swift; sourceTree = "<group>"; };
		0A331DEB27A86B4B0061C520 /* CharactersListPresenter.swift */ = {isa = PBXFileReference; lastKnownFileType = sourcecode.swift; path = CharactersListPresenter.swift; sourceTree = "<group>"; };
		0A331DEC27A86B4B0061C520 /* CharactersListViewController.swift */ = {isa = PBXFileReference; lastKnownFileType = sourcecode.swift; path = CharactersListViewController.swift; sourceTree = "<group>"; };
		0A331DED27A86B4B0061C520 /* CharactersListInteractor.swift */ = {isa = PBXFileReference; lastKnownFileType = sourcecode.swift; path = CharactersListInteractor.swift; sourceTree = "<group>"; };
		0A331DEE27A86B4B0061C520 /* CharactersListWireframe.swift */ = {isa = PBXFileReference; lastKnownFileType = sourcecode.swift; path = CharactersListWireframe.swift; sourceTree = "<group>"; };
		0AF8D00427A89A9F00BA87F7 /* MockMarvelService.swift */ = {isa = PBXFileReference; lastKnownFileType = sourcecode.swift; path = MockMarvelService.swift; sourceTree = "<group>"; };
		0AF8D00A27A89B4400BA87F7 /* CharacterListPresnterTests.swift */ = {isa = PBXFileReference; lastKnownFileType = sourcecode.swift; path = CharacterListPresnterTests.swift; sourceTree = "<group>"; };
		0AF8D02827A89E2D00BA87F7 /* TestingAppDelegate.swift */ = {isa = PBXFileReference; lastKnownFileType = sourcecode.swift; path = TestingAppDelegate.swift; sourceTree = "<group>"; };
		0AF8D02D27A89EC100BA87F7 /* main.swift */ = {isa = PBXFileReference; lastKnownFileType = sourcecode.swift; path = main.swift; sourceTree = "<group>"; };
		0AFE51FC27A856D700C0264A /* AsyncAwaitMarvelHeroes.app */ = {isa = PBXFileReference; explicitFileType = wrapper.application; includeInIndex = 0; path = AsyncAwaitMarvelHeroes.app; sourceTree = BUILT_PRODUCTS_DIR; };
		0AFE51FF27A856D700C0264A /* AppDelegate.swift */ = {isa = PBXFileReference; lastKnownFileType = sourcecode.swift; path = AppDelegate.swift; sourceTree = "<group>"; };
		0AFE520127A856D700C0264A /* SceneDelegate.swift */ = {isa = PBXFileReference; lastKnownFileType = sourcecode.swift; path = SceneDelegate.swift; sourceTree = "<group>"; };
		0AFE520827A856D900C0264A /* Assets.xcassets */ = {isa = PBXFileReference; lastKnownFileType = folder.assetcatalog; path = Assets.xcassets; sourceTree = "<group>"; };
		0AFE520B27A856D900C0264A /* Base */ = {isa = PBXFileReference; lastKnownFileType = file.storyboard; name = Base; path = Base.lproj/LaunchScreen.storyboard; sourceTree = "<group>"; };
		0AFE520D27A856D900C0264A /* Info.plist */ = {isa = PBXFileReference; lastKnownFileType = text.plist.xml; path = Info.plist; sourceTree = "<group>"; };
		0AFE521227A856D900C0264A /* AsyncAwaitMarvelHeroesTests.xctest */ = {isa = PBXFileReference; explicitFileType = wrapper.cfbundle; includeInIndex = 0; path = AsyncAwaitMarvelHeroesTests.xctest; sourceTree = BUILT_PRODUCTS_DIR; };
		0AFE521627A856D900C0264A /* AsyncAwaitMarvelHeroesTests.swift */ = {isa = PBXFileReference; lastKnownFileType = sourcecode.swift; path = AsyncAwaitMarvelHeroesTests.swift; sourceTree = "<group>"; };
		0AFE521C27A856D900C0264A /* AsyncAwaitMarvelHeroesUITests.xctest */ = {isa = PBXFileReference; explicitFileType = wrapper.cfbundle; includeInIndex = 0; path = AsyncAwaitMarvelHeroesUITests.xctest; sourceTree = BUILT_PRODUCTS_DIR; };
		0AFE522027A856D900C0264A /* AsyncAwaitMarvelHeroesUITests.swift */ = {isa = PBXFileReference; lastKnownFileType = sourcecode.swift; path = AsyncAwaitMarvelHeroesUITests.swift; sourceTree = "<group>"; };
		0AFE522227A856D900C0264A /* AsyncAwaitMarvelHeroesUITestsLaunchTests.swift */ = {isa = PBXFileReference; lastKnownFileType = sourcecode.swift; path = AsyncAwaitMarvelHeroesUITestsLaunchTests.swift; sourceTree = "<group>"; };
		0AFE522F27A8578B00C0264A /* Readme.md */ = {isa = PBXFileReference; lastKnownFileType = net.daringfireball.markdown; path = Readme.md; sourceTree = "<group>"; };
		0AFE523227A8589200C0264A /* MarvelService.swift */ = {isa = PBXFileReference; lastKnownFileType = sourcecode.swift; path = MarvelService.swift; sourceTree = "<group>"; };
		0AFE523427A858A800C0264A /* Environment.swift */ = {isa = PBXFileReference; lastKnownFileType = sourcecode.swift; path = Environment.swift; sourceTree = "<group>"; };
		0AFE523627A8593400C0264A /* MarvelServiceRouter.swift */ = {isa = PBXFileReference; lastKnownFileType = sourcecode.swift; path = MarvelServiceRouter.swift; sourceTree = "<group>"; };
/* End PBXFileReference section */

/* Begin PBXFrameworksBuildPhase section */
		0AFE51F927A856D700C0264A /* Frameworks */ = {
			isa = PBXFrameworksBuildPhase;
			buildActionMask = 2147483647;
			files = (
				0AFE523A27A8594F00C0264A /* Alamofire in Frameworks */,
				0A12808427A8933400D7281F /* SkeletonView in Frameworks */,
				0A12807227A8766D00D7281F /* Nuke in Frameworks */,
			);
			runOnlyForDeploymentPostprocessing = 0;
		};
		0AFE520F27A856D900C0264A /* Frameworks */ = {
			isa = PBXFrameworksBuildPhase;
			buildActionMask = 2147483647;
			files = (
			);
			runOnlyForDeploymentPostprocessing = 0;
		};
		0AFE521927A856D900C0264A /* Frameworks */ = {
			isa = PBXFrameworksBuildPhase;
			buildActionMask = 2147483647;
			files = (
			);
			runOnlyForDeploymentPostprocessing = 0;
		};
/* End PBXFrameworksBuildPhase section */

/* Begin PBXGroup section */
		0A12806A27A874AA00D7281F /* Entities */ = {
			isa = PBXGroup;
			children = (
				0A12806B27A8751A00D7281F /* CharacterListViewModel.swift */,
			);
			path = Entities;
			sourceTree = "<group>";
		};
		0A12806D27A8758F00D7281F /* Views */ = {
			isa = PBXGroup;
			children = (
				0A12806E27A875AC00D7281F /* CharacterCollectionViewCell.swift */,
				0A12807A27A8799B00D7281F /* LoadingCollectionViewCell.swift */,
			);
			path = Views;
			sourceTree = "<group>";
		};
		0A12807327A8769900D7281F /* Foundation */ = {
			isa = PBXGroup;
			children = (
				0A331DB027A85CCF0061C520 /* String+MD5.swift */,
			);
			path = Foundation;
			sourceTree = "<group>";
		};
		0A12807427A876DF00D7281F /* Views */ = {
			isa = PBXGroup;
			children = (
				0A12807627A8770F00D7281F /* UILabelWithContentInsets.swift */,
				0A12807827A8772A00D7281F /* UIViewWithGradient.swift */,
			);
			path = Views;
			sourceTree = "<group>";
		};
		0A12807527A876E500D7281F /* UI */ = {
			isa = PBXGroup;
			children = (
				0A12807427A876DF00D7281F /* Views */,
				0A331DDB27A86AEF0061C520 /* Modules */,
			);
			path = UI;
			sourceTree = "<group>";
		};
		0A12807E27A87CDA00D7281F /* Services */ = {
			isa = PBXGroup;
			children = (
				0A12807F27A87CE000D7281F /* Model */,
			);
			path = Services;
			sourceTree = "<group>";
		};
		0A12807F27A87CE000D7281F /* Model */ = {
			isa = PBXGroup;
			children = (
				0A12808027A87CF500D7281F /* Thumbnail+URI.swift */,
			);
			path = Model;
			sourceTree = "<group>";
		};
		0A331DAF27A85CC20061C520 /* Extensions */ = {
			isa = PBXGroup;
			children = (
				0A12807E27A87CDA00D7281F /* Services */,
				0A12807327A8769900D7281F /* Foundation */,
			);
			path = Extensions;
			sourceTree = "<group>";
		};
		0A331DB627A861A20061C520 /* Resources */ = {
			isa = PBXGroup;
			children = (
				0AFE520827A856D900C0264A /* Assets.xcassets */,
				0AFE520D27A856D900C0264A /* Info.plist */,
				0A331DB427A861390061C520 /* APIKeys.plist */,
			);
			path = Resources;
			sourceTree = "<group>";
		};
		0A331DB727A861BE0061C520 /* Main */ = {
			isa = PBXGroup;
			children = (
				0AFE51FF27A856D700C0264A /* AppDelegate.swift */,
				0AFE520127A856D700C0264A /* SceneDelegate.swift */,
				0AF8D02D27A89EC100BA87F7 /* main.swift */,
			);
			path = Main;
			sourceTree = "<group>";
		};
		0A331DDB27A86AEF0061C520 /* Modules */ = {
			isa = PBXGroup;
			children = (
				0A331DDC27A86B0C0061C520 /* Base */,
				0A331DE927A86B1F0061C520 /* CharactersList */,
			);
			path = Modules;
			sourceTree = "<group>";
		};
		0A331DDC27A86B0C0061C520 /* Base */ = {
			isa = PBXGroup;
			children = (
				0A331DDD27A86B190061C520 /* BaseWireframe.swift */,
				0A331DE027A86B190061C520 /* PresenterInterface.swift */,
				0A331DE127A86B190061C520 /* ViewInterface.swift */,
				0A331DE227A86B190061C520 /* InteractorInterface.swift */,
			);
			path = Base;
			sourceTree = "<group>";
		};
		0A331DE927A86B1F0061C520 /* CharactersList */ = {
			isa = PBXGroup;
			children = (
				0A12806D27A8758F00D7281F /* Views */,
				0A12806A27A874AA00D7281F /* Entities */,
				0A331DEA27A86B4B0061C520 /* CharactersListInterfaces.swift */,
				0A331DEB27A86B4B0061C520 /* CharactersListPresenter.swift */,
				0A331DEC27A86B4B0061C520 /* CharactersListViewController.swift */,
				0A331DED27A86B4B0061C520 /* CharactersListInteractor.swift */,
				0A331DEE27A86B4B0061C520 /* CharactersListWireframe.swift */,
			);
			path = CharactersList;
			sourceTree = "<group>";
		};
		0AF8D00327A89A8100BA87F7 /* Mocks */ = {
			isa = PBXGroup;
			children = (
				0AF8D00427A89A9F00BA87F7 /* MockMarvelService.swift */,
			);
			path = Mocks;
			sourceTree = "<group>";
		};
		0AF8D00827A89B1A00BA87F7 /* UI */ = {
			isa = PBXGroup;
			children = (
				0AF8D00927A89B2300BA87F7 /* Modules */,
			);
			path = UI;
			sourceTree = "<group>";
		};
		0AF8D00927A89B2300BA87F7 /* Modules */ = {
			isa = PBXGroup;
			children = (
				0AF8D00A27A89B4400BA87F7 /* CharacterListPresnterTests.swift */,
			);
			path = Modules;
			sourceTree = "<group>";
		};
		0AF8D02A27A89E4E00BA87F7 /* Main */ = {
			isa = PBXGroup;
			children = (
				0AF8D02827A89E2D00BA87F7 /* TestingAppDelegate.swift */,
			);
			path = Main;
			sourceTree = "<group>";
		};
		0AFE51F327A856D700C0264A = {
			isa = PBXGroup;
			children = (
				0AFE522F27A8578B00C0264A /* Readme.md */,
				0AFE51FE27A856D700C0264A /* AsyncAwaitMarvelHeroes */,
				0AFE521527A856D900C0264A /* AsyncAwaitMarvelHeroesTests */,
				0AFE521F27A856D900C0264A /* AsyncAwaitMarvelHeroesUITests */,
				0AFE51FD27A856D700C0264A /* Products */,
			);
			sourceTree = "<group>";
		};
		0AFE51FD27A856D700C0264A /* Products */ = {
			isa = PBXGroup;
			children = (
				0AFE51FC27A856D700C0264A /* AsyncAwaitMarvelHeroes.app */,
				0AFE521227A856D900C0264A /* AsyncAwaitMarvelHeroesTests.xctest */,
				0AFE521C27A856D900C0264A /* AsyncAwaitMarvelHeroesUITests.xctest */,
			);
			name = Products;
			sourceTree = "<group>";
		};
		0AFE51FE27A856D700C0264A /* AsyncAwaitMarvelHeroes */ = {
			isa = PBXGroup;
			children = (
				0A331DB627A861A20061C520 /* Resources */,
				0A331DAF27A85CC20061C520 /* Extensions */,
				0AFE523027A8586D00C0264A /* Services */,
				0A331DB727A861BE0061C520 /* Main */,
				0A12807527A876E500D7281F /* UI */,
				0AFE520A27A856D900C0264A /* LaunchScreen.storyboard */,
				0AFE523427A858A800C0264A /* Environment.swift */,
			);
			path = AsyncAwaitMarvelHeroes;
			sourceTree = "<group>";
		};
		0AFE521527A856D900C0264A /* AsyncAwaitMarvelHeroesTests */ = {
			isa = PBXGroup;
			children = (
				0AF8D02A27A89E4E00BA87F7 /* Main */,
				0AF8D00327A89A8100BA87F7 /* Mocks */,
				0AF8D00827A89B1A00BA87F7 /* UI */,
				0AFE521627A856D900C0264A /* AsyncAwaitMarvelHeroesTests.swift */,
			);
			path = AsyncAwaitMarvelHeroesTests;
			sourceTree = "<group>";
		};
		0AFE521F27A856D900C0264A /* AsyncAwaitMarvelHeroesUITests */ = {
			isa = PBXGroup;
			children = (
				0AFE522027A856D900C0264A /* AsyncAwaitMarvelHeroesUITests.swift */,
				0AFE522227A856D900C0264A /* AsyncAwaitMarvelHeroesUITestsLaunchTests.swift */,
			);
			path = AsyncAwaitMarvelHeroesUITests;
			sourceTree = "<group>";
		};
		0AFE523027A8586D00C0264A /* Services */ = {
			isa = PBXGroup;
			children = (
				0AFE523127A8587900C0264A /* Models */,
				0AFE523227A8589200C0264A /* MarvelService.swift */,
				0AFE523627A8593400C0264A /* MarvelServiceRouter.swift */,
			);
			path = Services;
			sourceTree = "<group>";
		};
		0AFE523127A8587900C0264A /* Models */ = {
			isa = PBXGroup;
			children = (
				0A331DAD27A85BEC0061C520 /* CharactersResponse.swift */,
			);
			path = Models;
			sourceTree = "<group>";
		};
/* End PBXGroup section */

/* Begin PBXNativeTarget section */
		0AFE51FB27A856D700C0264A /* AsyncAwaitMarvelHeroes */ = {
			isa = PBXNativeTarget;
			buildConfigurationList = 0AFE522627A856D900C0264A /* Build configuration list for PBXNativeTarget "AsyncAwaitMarvelHeroes" */;
			buildPhases = (
				0AFE51F827A856D700C0264A /* Sources */,
				0AFE51F927A856D700C0264A /* Frameworks */,
				0AFE51FA27A856D700C0264A /* Resources */,
			);
			buildRules = (
			);
			dependencies = (
			);
			name = AsyncAwaitMarvelHeroes;
			packageProductDependencies = (
				0AFE523927A8594F00C0264A /* Alamofire */,
				0A12807127A8766D00D7281F /* Nuke */,
				0A12808327A8933400D7281F /* SkeletonView */,
			);
			productName = AsyncAwaitMarvelHeroes;
			productReference = 0AFE51FC27A856D700C0264A /* AsyncAwaitMarvelHeroes.app */;
			productType = "com.apple.product-type.application";
		};
		0AFE521127A856D900C0264A /* AsyncAwaitMarvelHeroesTests */ = {
			isa = PBXNativeTarget;
			buildConfigurationList = 0AFE522927A856D900C0264A /* Build configuration list for PBXNativeTarget "AsyncAwaitMarvelHeroesTests" */;
			buildPhases = (
				0AFE520E27A856D900C0264A /* Sources */,
				0AFE520F27A856D900C0264A /* Frameworks */,
				0AFE521027A856D900C0264A /* Resources */,
			);
			buildRules = (
			);
			dependencies = (
				0AFE521427A856D900C0264A /* PBXTargetDependency */,
			);
			name = AsyncAwaitMarvelHeroesTests;
			productName = AsyncAwaitMarvelHeroesTests;
			productReference = 0AFE521227A856D900C0264A /* AsyncAwaitMarvelHeroesTests.xctest */;
			productType = "com.apple.product-type.bundle.unit-test";
		};
		0AFE521B27A856D900C0264A /* AsyncAwaitMarvelHeroesUITests */ = {
			isa = PBXNativeTarget;
			buildConfigurationList = 0AFE522C27A856D900C0264A /* Build configuration list for PBXNativeTarget "AsyncAwaitMarvelHeroesUITests" */;
			buildPhases = (
				0AFE521827A856D900C0264A /* Sources */,
				0AFE521927A856D900C0264A /* Frameworks */,
				0AFE521A27A856D900C0264A /* Resources */,
			);
			buildRules = (
			);
			dependencies = (
				0AFE521E27A856D900C0264A /* PBXTargetDependency */,
			);
			name = AsyncAwaitMarvelHeroesUITests;
			productName = AsyncAwaitMarvelHeroesUITests;
			productReference = 0AFE521C27A856D900C0264A /* AsyncAwaitMarvelHeroesUITests.xctest */;
			productType = "com.apple.product-type.bundle.ui-testing";
		};
/* End PBXNativeTarget section */

/* Begin PBXProject section */
		0AFE51F427A856D700C0264A /* Project object */ = {
			isa = PBXProject;
			attributes = {
				BuildIndependentTargetsInParallel = 1;
				LastSwiftUpdateCheck = 1320;
				LastUpgradeCheck = 1320;
				ORGANIZATIONNAME = QQ;
				TargetAttributes = {
					0AFE51FB27A856D700C0264A = {
						CreatedOnToolsVersion = 13.2.1;
					};
					0AFE521127A856D900C0264A = {
						CreatedOnToolsVersion = 13.2.1;
						TestTargetID = 0AFE51FB27A856D700C0264A;
					};
					0AFE521B27A856D900C0264A = {
						CreatedOnToolsVersion = 13.2.1;
						TestTargetID = 0AFE51FB27A856D700C0264A;
					};
				};
			};
			buildConfigurationList = 0AFE51F727A856D700C0264A /* Build configuration list for PBXProject "AsyncAwaitMarvelHeroes" */;
			compatibilityVersion = "Xcode 13.0";
			developmentRegion = en;
			hasScannedForEncodings = 0;
			knownRegions = (
				en,
				Base,
			);
			mainGroup = 0AFE51F327A856D700C0264A;
			packageReferences = (
				0AFE523827A8594F00C0264A /* XCRemoteSwiftPackageReference "Alamofire" */,
				0A12807027A8766D00D7281F /* XCRemoteSwiftPackageReference "Nuke" */,
				0A12808227A8933400D7281F /* XCRemoteSwiftPackageReference "SkeletonView" */,
			);
			productRefGroup = 0AFE51FD27A856D700C0264A /* Products */;
			projectDirPath = "";
			projectRoot = "";
			targets = (
				0AFE51FB27A856D700C0264A /* AsyncAwaitMarvelHeroes */,
				0AFE521127A856D900C0264A /* AsyncAwaitMarvelHeroesTests */,
				0AFE521B27A856D900C0264A /* AsyncAwaitMarvelHeroesUITests */,
			);
		};
/* End PBXProject section */

/* Begin PBXResourcesBuildPhase section */
		0AFE51FA27A856D700C0264A /* Resources */ = {
			isa = PBXResourcesBuildPhase;
			buildActionMask = 2147483647;
			files = (
				0AFE520C27A856D900C0264A /* LaunchScreen.storyboard in Resources */,
				0A331DB527A861390061C520 /* APIKeys.plist in Resources */,
				0AFE520927A856D900C0264A /* Assets.xcassets in Resources */,
			);
			runOnlyForDeploymentPostprocessing = 0;
		};
		0AFE521027A856D900C0264A /* Resources */ = {
			isa = PBXResourcesBuildPhase;
			buildActionMask = 2147483647;
			files = (
			);
			runOnlyForDeploymentPostprocessing = 0;
		};
		0AFE521A27A856D900C0264A /* Resources */ = {
			isa = PBXResourcesBuildPhase;
			buildActionMask = 2147483647;
			files = (
			);
			runOnlyForDeploymentPostprocessing = 0;
		};
/* End PBXResourcesBuildPhase section */

/* Begin PBXSourcesBuildPhase section */
		0AFE51F827A856D700C0264A /* Sources */ = {
			isa = PBXSourcesBuildPhase;
			buildActionMask = 2147483647;
			files = (
				0A12807727A8770F00D7281F /* UILabelWithContentInsets.swift in Sources */,
				0A331DE327A86B190061C520 /* BaseWireframe.swift in Sources */,
				0AF8D02E27A89EC100BA87F7 /* main.swift in Sources */,
				0A12807927A8772A00D7281F /* UIViewWithGradient.swift in Sources */,
				0AFE523527A858A800C0264A /* Environment.swift in Sources */,
				0A331DE827A86B190061C520 /* InteractorInterface.swift in Sources */,
				0A331DF327A86B4B0061C520 /* CharactersListWireframe.swift in Sources */,
				0A331DE727A86B190061C520 /* ViewInterface.swift in Sources */,
				0AFE520027A856D700C0264A /* AppDelegate.swift in Sources */,
				0A331DF227A86B4B0061C520 /* CharactersListInteractor.swift in Sources */,
				0A331DEF27A86B4B0061C520 /* CharactersListInterfaces.swift in Sources */,
				0A12807B27A8799B00D7281F /* LoadingCollectionViewCell.swift in Sources */,
				0A331DF127A86B4B0061C520 /* CharactersListViewController.swift in Sources */,
				0A331DB127A85CD00061C520 /* String+MD5.swift in Sources */,
				0AFE520227A856D700C0264A /* SceneDelegate.swift in Sources */,
				0A12808127A87CF500D7281F /* Thumbnail+URI.swift in Sources */,
				0AFE523327A8589200C0264A /* MarvelService.swift in Sources */,
				0A12806F27A875AC00D7281F /* CharacterCollectionViewCell.swift in Sources */,
				0A331DE627A86B190061C520 /* PresenterInterface.swift in Sources */,
				0A12806C27A8751A00D7281F /* CharacterListViewModel.swift in Sources */,
				0A331DF027A86B4B0061C520 /* CharactersListPresenter.swift in Sources */,
				0AFE523727A8593400C0264A /* MarvelServiceRouter.swift in Sources */,
				0A331DAE27A85BEC0061C520 /* CharactersResponse.swift in Sources */,
			);
			runOnlyForDeploymentPostprocessing = 0;
		};
		0AFE520E27A856D900C0264A /* Sources */ = {
			isa = PBXSourcesBuildPhase;
			buildActionMask = 2147483647;
			files = (
				0AF8D02927A89E2D00BA87F7 /* TestingAppDelegate.swift in Sources */,
				0AF8D00527A89A9F00BA87F7 /* MockMarvelService.swift in Sources */,
				0AF8D00B27A89B4400BA87F7 /* CharacterListPresnterTests.swift in Sources */,
				0AFE521727A856D900C0264A /* AsyncAwaitMarvelHeroesTests.swift in Sources */,
			);
			runOnlyForDeploymentPostprocessing = 0;
		};
		0AFE521827A856D900C0264A /* Sources */ = {
			isa = PBXSourcesBuildPhase;
			buildActionMask = 2147483647;
			files = (
				0AFE522127A856D900C0264A /* AsyncAwaitMarvelHeroesUITests.swift in Sources */,
				0AFE522327A856D900C0264A /* AsyncAwaitMarvelHeroesUITestsLaunchTests.swift in Sources */,
			);
			runOnlyForDeploymentPostprocessing = 0;
		};
/* End PBXSourcesBuildPhase section */

/* Begin PBXTargetDependency section */
		0AFE521427A856D900C0264A /* PBXTargetDependency */ = {
			isa = PBXTargetDependency;
			target = 0AFE51FB27A856D700C0264A /* AsyncAwaitMarvelHeroes */;
			targetProxy = 0AFE521327A856D900C0264A /* PBXContainerItemProxy */;
		};
		0AFE521E27A856D900C0264A /* PBXTargetDependency */ = {
			isa = PBXTargetDependency;
			target = 0AFE51FB27A856D700C0264A /* AsyncAwaitMarvelHeroes */;
			targetProxy = 0AFE521D27A856D900C0264A /* PBXContainerItemProxy */;
		};
/* End PBXTargetDependency section */

/* Begin PBXVariantGroup section */
		0AFE520A27A856D900C0264A /* LaunchScreen.storyboard */ = {
			isa = PBXVariantGroup;
			children = (
				0AFE520B27A856D900C0264A /* Base */,
			);
			name = LaunchScreen.storyboard;
			sourceTree = "<group>";
		};
/* End PBXVariantGroup section */

/* Begin XCBuildConfiguration section */
		0AFE522427A856D900C0264A /* Debug */ = {
			isa = XCBuildConfiguration;
			buildSettings = {
				ALWAYS_SEARCH_USER_PATHS = NO;
				CLANG_ANALYZER_NONNULL = YES;
				CLANG_ANALYZER_NUMBER_OBJECT_CONVERSION = YES_AGGRESSIVE;
				CLANG_CXX_LANGUAGE_STANDARD = "gnu++17";
				CLANG_CXX_LIBRARY = "libc++";
				CLANG_ENABLE_MODULES = YES;
				CLANG_ENABLE_OBJC_ARC = YES;
				CLANG_ENABLE_OBJC_WEAK = YES;
				CLANG_WARN_BLOCK_CAPTURE_AUTORELEASING = YES;
				CLANG_WARN_BOOL_CONVERSION = YES;
				CLANG_WARN_COMMA = YES;
				CLANG_WARN_CONSTANT_CONVERSION = YES;
				CLANG_WARN_DEPRECATED_OBJC_IMPLEMENTATIONS = YES;
				CLANG_WARN_DIRECT_OBJC_ISA_USAGE = YES_ERROR;
				CLANG_WARN_DOCUMENTATION_COMMENTS = YES;
				CLANG_WARN_EMPTY_BODY = YES;
				CLANG_WARN_ENUM_CONVERSION = YES;
				CLANG_WARN_INFINITE_RECURSION = YES;
				CLANG_WARN_INT_CONVERSION = YES;
				CLANG_WARN_NON_LITERAL_NULL_CONVERSION = YES;
				CLANG_WARN_OBJC_IMPLICIT_RETAIN_SELF = YES;
				CLANG_WARN_OBJC_LITERAL_CONVERSION = YES;
				CLANG_WARN_OBJC_ROOT_CLASS = YES_ERROR;
				CLANG_WARN_QUOTED_INCLUDE_IN_FRAMEWORK_HEADER = YES;
				CLANG_WARN_RANGE_LOOP_ANALYSIS = YES;
				CLANG_WARN_STRICT_PROTOTYPES = YES;
				CLANG_WARN_SUSPICIOUS_MOVE = YES;
				CLANG_WARN_UNGUARDED_AVAILABILITY = YES_AGGRESSIVE;
				CLANG_WARN_UNREACHABLE_CODE = YES;
				CLANG_WARN__DUPLICATE_METHOD_MATCH = YES;
				COPY_PHASE_STRIP = NO;
				DEBUG_INFORMATION_FORMAT = dwarf;
				ENABLE_STRICT_OBJC_MSGSEND = YES;
				ENABLE_TESTABILITY = YES;
				GCC_C_LANGUAGE_STANDARD = gnu11;
				GCC_DYNAMIC_NO_PIC = NO;
				GCC_NO_COMMON_BLOCKS = YES;
				GCC_OPTIMIZATION_LEVEL = 0;
				GCC_PREPROCESSOR_DEFINITIONS = (
					"DEBUG=1",
					"$(inherited)",
				);
				GCC_WARN_64_TO_32_BIT_CONVERSION = YES;
				GCC_WARN_ABOUT_RETURN_TYPE = YES_ERROR;
				GCC_WARN_UNDECLARED_SELECTOR = YES;
				GCC_WARN_UNINITIALIZED_AUTOS = YES_AGGRESSIVE;
				GCC_WARN_UNUSED_FUNCTION = YES;
				GCC_WARN_UNUSED_VARIABLE = YES;
				IPHONEOS_DEPLOYMENT_TARGET = 15.2;
				MTL_ENABLE_DEBUG_INFO = INCLUDE_SOURCE;
				MTL_FAST_MATH = YES;
				ONLY_ACTIVE_ARCH = YES;
				SDKROOT = iphoneos;
				SWIFT_ACTIVE_COMPILATION_CONDITIONS = DEBUG;
				SWIFT_OPTIMIZATION_LEVEL = "-Onone";
			};
			name = Debug;
		};
		0AFE522527A856D900C0264A /* Release */ = {
			isa = XCBuildConfiguration;
			buildSettings = {
				ALWAYS_SEARCH_USER_PATHS = NO;
				CLANG_ANALYZER_NONNULL = YES;
				CLANG_ANALYZER_NUMBER_OBJECT_CONVERSION = YES_AGGRESSIVE;
				CLANG_CXX_LANGUAGE_STANDARD = "gnu++17";
				CLANG_CXX_LIBRARY = "libc++";
				CLANG_ENABLE_MODULES = YES;
				CLANG_ENABLE_OBJC_ARC = YES;
				CLANG_ENABLE_OBJC_WEAK = YES;
				CLANG_WARN_BLOCK_CAPTURE_AUTORELEASING = YES;
				CLANG_WARN_BOOL_CONVERSION = YES;
				CLANG_WARN_COMMA = YES;
				CLANG_WARN_CONSTANT_CONVERSION = YES;
				CLANG_WARN_DEPRECATED_OBJC_IMPLEMENTATIONS = YES;
				CLANG_WARN_DIRECT_OBJC_ISA_USAGE = YES_ERROR;
				CLANG_WARN_DOCUMENTATION_COMMENTS = YES;
				CLANG_WARN_EMPTY_BODY = YES;
				CLANG_WARN_ENUM_CONVERSION = YES;
				CLANG_WARN_INFINITE_RECURSION = YES;
				CLANG_WARN_INT_CONVERSION = YES;
				CLANG_WARN_NON_LITERAL_NULL_CONVERSION = YES;
				CLANG_WARN_OBJC_IMPLICIT_RETAIN_SELF = YES;
				CLANG_WARN_OBJC_LITERAL_CONVERSION = YES;
				CLANG_WARN_OBJC_ROOT_CLASS = YES_ERROR;
				CLANG_WARN_QUOTED_INCLUDE_IN_FRAMEWORK_HEADER = YES;
				CLANG_WARN_RANGE_LOOP_ANALYSIS = YES;
				CLANG_WARN_STRICT_PROTOTYPES = YES;
				CLANG_WARN_SUSPICIOUS_MOVE = YES;
				CLANG_WARN_UNGUARDED_AVAILABILITY = YES_AGGRESSIVE;
				CLANG_WARN_UNREACHABLE_CODE = YES;
				CLANG_WARN__DUPLICATE_METHOD_MATCH = YES;
				COPY_PHASE_STRIP = NO;
				DEBUG_INFORMATION_FORMAT = "dwarf-with-dsym";
				ENABLE_NS_ASSERTIONS = NO;
				ENABLE_STRICT_OBJC_MSGSEND = YES;
				GCC_C_LANGUAGE_STANDARD = gnu11;
				GCC_NO_COMMON_BLOCKS = YES;
				GCC_WARN_64_TO_32_BIT_CONVERSION = YES;
				GCC_WARN_ABOUT_RETURN_TYPE = YES_ERROR;
				GCC_WARN_UNDECLARED_SELECTOR = YES;
				GCC_WARN_UNINITIALIZED_AUTOS = YES_AGGRESSIVE;
				GCC_WARN_UNUSED_FUNCTION = YES;
				GCC_WARN_UNUSED_VARIABLE = YES;
				IPHONEOS_DEPLOYMENT_TARGET = 15.2;
				MTL_ENABLE_DEBUG_INFO = NO;
				MTL_FAST_MATH = YES;
				SDKROOT = iphoneos;
				SWIFT_COMPILATION_MODE = wholemodule;
				SWIFT_OPTIMIZATION_LEVEL = "-O";
				VALIDATE_PRODUCT = YES;
			};
			name = Release;
		};
		0AFE522727A856D900C0264A /* Debug */ = {
			isa = XCBuildConfiguration;
			buildSettings = {
				ASSETCATALOG_COMPILER_APPICON_NAME = AppIcon;
				ASSETCATALOG_COMPILER_GLOBAL_ACCENT_COLOR_NAME = AccentColor;
				CODE_SIGN_STYLE = Automatic;
				CURRENT_PROJECT_VERSION = 1;
				DEVELOPMENT_TEAM = 7FGAFC5ZWR;
				GENERATE_INFOPLIST_FILE = YES;
				INFOPLIST_FILE = AsyncAwaitMarvelHeroes/Resources/Info.plist;
				INFOPLIST_KEY_UIApplicationSupportsIndirectInputEvents = YES;
				INFOPLIST_KEY_UILaunchStoryboardName = LaunchScreen;
				INFOPLIST_KEY_UISupportedInterfaceOrientations = UIInterfaceOrientationPortrait;
				INFOPLIST_KEY_UISupportedInterfaceOrientations_iPad = "UIInterfaceOrientationPortrait UIInterfaceOrientationPortraitUpsideDown UIInterfaceOrientationLandscapeLeft UIInterfaceOrientationLandscapeRight";
				INFOPLIST_KEY_UISupportedInterfaceOrientations_iPhone = "UIInterfaceOrientationPortrait UIInterfaceOrientationLandscapeLeft UIInterfaceOrientationLandscapeRight";
				LD_RUNPATH_SEARCH_PATHS = (
					"$(inherited)",
					"@executable_path/Frameworks",
				);
				MARKETING_VERSION = 1.0;
				PRODUCT_BUNDLE_IDENTIFIER = com.marseltzatzos.AsyncAwaitMarvelHeroes;
				PRODUCT_NAME = "$(TARGET_NAME)";
				SWIFT_EMIT_LOC_STRINGS = YES;
				SWIFT_VERSION = 5.0;
				TARGETED_DEVICE_FAMILY = "1,2";
			};
			name = Debug;
		};
		0AFE522827A856D900C0264A /* Release */ = {
			isa = XCBuildConfiguration;
			buildSettings = {
				ASSETCATALOG_COMPILER_APPICON_NAME = AppIcon;
				ASSETCATALOG_COMPILER_GLOBAL_ACCENT_COLOR_NAME = AccentColor;
				CODE_SIGN_STYLE = Automatic;
				CURRENT_PROJECT_VERSION = 1;
				DEVELOPMENT_TEAM = 7FGAFC5ZWR;
				GENERATE_INFOPLIST_FILE = YES;
				INFOPLIST_FILE = AsyncAwaitMarvelHeroes/Resources/Info.plist;
				INFOPLIST_KEY_UIApplicationSupportsIndirectInputEvents = YES;
				INFOPLIST_KEY_UILaunchStoryboardName = LaunchScreen;
				INFOPLIST_KEY_UISupportedInterfaceOrientations = UIInterfaceOrientationPortrait;
				INFOPLIST_KEY_UISupportedInterfaceOrientations_iPad = "UIInterfaceOrientationPortrait UIInterfaceOrientationPortraitUpsideDown UIInterfaceOrientationLandscapeLeft UIInterfaceOrientationLandscapeRight";
				INFOPLIST_KEY_UISupportedInterfaceOrientations_iPhone = "UIInterfaceOrientationPortrait UIInterfaceOrientationLandscapeLeft UIInterfaceOrientationLandscapeRight";
				LD_RUNPATH_SEARCH_PATHS = (
					"$(inherited)",
					"@executable_path/Frameworks",
				);
				MARKETING_VERSION = 1.0;
				PRODUCT_BUNDLE_IDENTIFIER = com.marseltzatzos.AsyncAwaitMarvelHeroes;
				PRODUCT_NAME = "$(TARGET_NAME)";
				SWIFT_EMIT_LOC_STRINGS = YES;
				SWIFT_VERSION = 5.0;
				TARGETED_DEVICE_FAMILY = "1,2";
			};
			name = Release;
		};
		0AFE522A27A856D900C0264A /* Debug */ = {
			isa = XCBuildConfiguration;
			buildSettings = {
				ALWAYS_EMBED_SWIFT_STANDARD_LIBRARIES = YES;
				BUNDLE_LOADER = "$(TEST_HOST)";
				CODE_SIGN_STYLE = Automatic;
				CURRENT_PROJECT_VERSION = 1;
				DEVELOPMENT_TEAM = 7FGAFC5ZWR;
				GENERATE_INFOPLIST_FILE = YES;
				IPHONEOS_DEPLOYMENT_TARGET = 15.2;
				MARKETING_VERSION = 1.0;
				PRODUCT_BUNDLE_IDENTIFIER = com.marseltzatzos.AsyncAwaitMarvelHeroesTests;
				PRODUCT_NAME = "$(TARGET_NAME)";
				SWIFT_EMIT_LOC_STRINGS = NO;
				SWIFT_VERSION = 5.0;
				TARGETED_DEVICE_FAMILY = "1,2";
				TEST_HOST = "$(BUILT_PRODUCTS_DIR)/AsyncAwaitMarvelHeroes.app/AsyncAwaitMarvelHeroes";
			};
			name = Debug;
		};
		0AFE522B27A856D900C0264A /* Release */ = {
			isa = XCBuildConfiguration;
			buildSettings = {
				ALWAYS_EMBED_SWIFT_STANDARD_LIBRARIES = YES;
				BUNDLE_LOADER = "$(TEST_HOST)";
				CODE_SIGN_STYLE = Automatic;
				CURRENT_PROJECT_VERSION = 1;
				DEVELOPMENT_TEAM = 7FGAFC5ZWR;
				GENERATE_INFOPLIST_FILE = YES;
				IPHONEOS_DEPLOYMENT_TARGET = 15.2;
				MARKETING_VERSION = 1.0;
				PRODUCT_BUNDLE_IDENTIFIER = com.marseltzatzos.AsyncAwaitMarvelHeroesTests;
				PRODUCT_NAME = "$(TARGET_NAME)";
				SWIFT_EMIT_LOC_STRINGS = NO;
				SWIFT_VERSION = 5.0;
				TARGETED_DEVICE_FAMILY = "1,2";
				TEST_HOST = "$(BUILT_PRODUCTS_DIR)/AsyncAwaitMarvelHeroes.app/AsyncAwaitMarvelHeroes";
			};
			name = Release;
		};
		0AFE522D27A856D900C0264A /* Debug */ = {
			isa = XCBuildConfiguration;
			buildSettings = {
				ALWAYS_EMBED_SWIFT_STANDARD_LIBRARIES = YES;
				CODE_SIGN_STYLE = Automatic;
				CURRENT_PROJECT_VERSION = 1;
				DEVELOPMENT_TEAM = 7FGAFC5ZWR;
				GENERATE_INFOPLIST_FILE = YES;
				MARKETING_VERSION = 1.0;
				PRODUCT_BUNDLE_IDENTIFIER = com.marseltzatzos.AsyncAwaitMarvelHeroesUITests;
				PRODUCT_NAME = "$(TARGET_NAME)";
				SWIFT_EMIT_LOC_STRINGS = NO;
				SWIFT_VERSION = 5.0;
				TARGETED_DEVICE_FAMILY = "1,2";
				TEST_TARGET_NAME = AsyncAwaitMarvelHeroes;
			};
			name = Debug;
		};
		0AFE522E27A856D900C0264A /* Release */ = {
			isa = XCBuildConfiguration;
			buildSettings = {
				ALWAYS_EMBED_SWIFT_STANDARD_LIBRARIES = YES;
				CODE_SIGN_STYLE = Automatic;
				CURRENT_PROJECT_VERSION = 1;
				DEVELOPMENT_TEAM = 7FGAFC5ZWR;
				GENERATE_INFOPLIST_FILE = YES;
				MARKETING_VERSION = 1.0;
				PRODUCT_BUNDLE_IDENTIFIER = com.marseltzatzos.AsyncAwaitMarvelHeroesUITests;
				PRODUCT_NAME = "$(TARGET_NAME)";
				SWIFT_EMIT_LOC_STRINGS = NO;
				SWIFT_VERSION = 5.0;
				TARGETED_DEVICE_FAMILY = "1,2";
				TEST_TARGET_NAME = AsyncAwaitMarvelHeroes;
			};
			name = Release;
		};
/* End XCBuildConfiguration section */

/* Begin XCConfigurationList section */
		0AFE51F727A856D700C0264A /* Build configuration list for PBXProject "AsyncAwaitMarvelHeroes" */ = {
			isa = XCConfigurationList;
			buildConfigurations = (
				0AFE522427A856D900C0264A /* Debug */,
				0AFE522527A856D900C0264A /* Release */,
			);
			defaultConfigurationIsVisible = 0;
			defaultConfigurationName = Release;
		};
		0AFE522627A856D900C0264A /* Build configuration list for PBXNativeTarget "AsyncAwaitMarvelHeroes" */ = {
			isa = XCConfigurationList;
			buildConfigurations = (
				0AFE522727A856D900C0264A /* Debug */,
				0AFE522827A856D900C0264A /* Release */,
			);
			defaultConfigurationIsVisible = 0;
			defaultConfigurationName = Release;
		};
		0AFE522927A856D900C0264A /* Build configuration list for PBXNativeTarget "AsyncAwaitMarvelHeroesTests" */ = {
			isa = XCConfigurationList;
			buildConfigurations = (
				0AFE522A27A856D900C0264A /* Debug */,
				0AFE522B27A856D900C0264A /* Release */,
			);
			defaultConfigurationIsVisible = 0;
			defaultConfigurationName = Release;
		};
		0AFE522C27A856D900C0264A /* Build configuration list for PBXNativeTarget "AsyncAwaitMarvelHeroesUITests" */ = {
			isa = XCConfigurationList;
			buildConfigurations = (
				0AFE522D27A856D900C0264A /* Debug */,
				0AFE522E27A856D900C0264A /* Release */,
			);
			defaultConfigurationIsVisible = 0;
			defaultConfigurationName = Release;
		};
/* End XCConfigurationList section */

/* Begin XCRemoteSwiftPackageReference section */
		0A12807027A8766D00D7281F /* XCRemoteSwiftPackageReference "Nuke" */ = {
			isa = XCRemoteSwiftPackageReference;
			repositoryURL = "https://github.com/kean/Nuke.git";
			requirement = {
				kind = upToNextMajorVersion;
				minimumVersion = 9.0.0;
			};
		};
		0A12808227A8933400D7281F /* XCRemoteSwiftPackageReference "SkeletonView" */ = {
			isa = XCRemoteSwiftPackageReference;
			repositoryURL = "https://github.com/Juanpe/SkeletonView.git";
			requirement = {
				kind = upToNextMajorVersion;
				minimumVersion = 1.0.0;
			};
		};
		0AFE523827A8594F00C0264A /* XCRemoteSwiftPackageReference "Alamofire" */ = {
			isa = XCRemoteSwiftPackageReference;
			repositoryURL = "https://github.com/Alamofire/Alamofire.git";
			requirement = {
				kind = upToNextMajorVersion;
				minimumVersion = 5.0.0;
			};
		};
/* End XCRemoteSwiftPackageReference section */

/* Begin XCSwiftPackageProductDependency section */
		0A12807127A8766D00D7281F /* Nuke */ = {
			isa = XCSwiftPackageProductDependency;
			package = 0A12807027A8766D00D7281F /* XCRemoteSwiftPackageReference "Nuke" */;
			productName = Nuke;
		};
		0A12808327A8933400D7281F /* SkeletonView */ = {
			isa = XCSwiftPackageProductDependency;
			package = 0A12808227A8933400D7281F /* XCRemoteSwiftPackageReference "SkeletonView" */;
			productName = SkeletonView;
		};
		0AFE523927A8594F00C0264A /* Alamofire */ = {
			isa = XCSwiftPackageProductDependency;
			package = 0AFE523827A8594F00C0264A /* XCRemoteSwiftPackageReference "Alamofire" */;
			productName = Alamofire;
		};
/* End XCSwiftPackageProductDependency section */
	};
	rootObject = 0AFE51F427A856D700C0264A /* Project object */;
}
